dependencies:
- name: redis
  repository: https://charts.bitnami.com/bitnami
  version: 15.7.1
- name: mongodb
  repository: https://charts.bitnami.com/bitnami
  version: 10.31.3
digest: sha256:675a626477030575e3400664803f02e52d2e6d012aaa5266e91c2ff27c9f3821
generated: "2022-01-15T15:14:28.578702+01:00"
